schema: '2.0'
stages:
  balance:
    cmd: python src/balance.py
    deps:
    - path: data/test2.tsv
      hash: md5
      md5: 3a32026021e53663a7de5e948b28c2e4
      size: 871199
    - path: data/train2.tsv
      hash: md5
      md5: 88394b09366a2014ada94c87863c4fd0
      size: 6980142
    - path: data/val2.tsv
      hash: md5
      md5: e6e50c24f3d0054011cb5a206897e87f
      size: 865142
    - path: src/balance.py
      hash: md5
      md5: db2b418b3a60a5864b3c9bba973e4704
      size: 1099
    - path: src/balance_misc/__init__.py
      hash: md5
      md5: ef9703e8ad9f7bda0c5643fe092a3dd4
      size: 82
    - path: src/balance_misc/balance_conf.py
      hash: md5
      md5: bf38a3276220fff965a719a106245473
      size: 479
    - path: src/balance_misc/ds_loader.py
      hash: md5
      md5: 88591470a760841a934c2215b3cedb71
      size: 666
    outs:
    - path: plots/balance/test2.png
      hash: md5
      md5: aaa099fc6cede3a4742c5dd4cee1a139
      size: 34723
    - path: plots/balance/train2.png
      hash: md5
      md5: 8a1b5ad7e1b21df25cb98bd543afc111
      size: 34758
    - path: plots/balance/val2.png
      hash: md5
      md5: fb6cb7f832760eab30726950cc869c72
      size: 34944
  balance_difference:
    cmd: python src/balance_difference.py
    deps:
    - path: data/test2.tsv
      hash: md5
      md5: 3a32026021e53663a7de5e948b28c2e4
      size: 871199
    - path: data/train2.tsv
      hash: md5
      md5: 88394b09366a2014ada94c87863c4fd0
      size: 6980142
    - path: data/val2.tsv
      hash: md5
      md5: e6e50c24f3d0054011cb5a206897e87f
      size: 865142
    - path: src/balance_difference.py
      hash: md5
      md5: 867181d02acfdc31b3ae81f5ef4d92d1
      size: 2011
    - path: src/balance_misc/__init__.py
      hash: md5
      md5: ef9703e8ad9f7bda0c5643fe092a3dd4
      size: 82
    - path: src/balance_misc/balance_conf.py
      hash: md5
      md5: bf38a3276220fff965a719a106245473
      size: 479
    - path: src/balance_misc/ds_loader.py
      hash: md5
      md5: 88591470a760841a934c2215b3cedb71
      size: 666
    outs:
    - path: plots/balance_diffs/test2-train2.png
      hash: md5
      md5: 53ea3de38737640e1aae22da56ac53e5
      size: 30528
    - path: plots/balance_diffs/test2-val2.png
      hash: md5
      md5: 75dcad32f95917ab372bd00584ccef59
      size: 26820
    - path: plots/balance_diffs/val2-train2.png
      hash: md5
      md5: 068a2fa140b95a341d29a2ef87a3c4a9
      size: 26316
  balance_boxplot:
    cmd: python src/balance_boxplot.py
    deps:
    - path: data/test2.tsv
      hash: md5
      md5: 3a32026021e53663a7de5e948b28c2e4
      size: 871199
    - path: data/train2.tsv
      hash: md5
      md5: 88394b09366a2014ada94c87863c4fd0
      size: 6980142
    - path: data/val2.tsv
      hash: md5
      md5: e6e50c24f3d0054011cb5a206897e87f
      size: 865142
    - path: src/balance_boxplot.py
      hash: md5
      md5: 32ccbf88b45c0eafd7b2a0321344dca4
      size: 988
    - path: src/balance_misc/__init__.py
      hash: md5
      md5: ef9703e8ad9f7bda0c5643fe092a3dd4
      size: 82
    - path: src/balance_misc/balance_conf.py
      hash: md5
      md5: bf38a3276220fff965a719a106245473
      size: 479
    - path: src/balance_misc/ds_loader.py
      hash: md5
      md5: 88591470a760841a934c2215b3cedb71
      size: 666
    outs:
    - path: plots/balance_median/boxplot.png
      hash: md5
      md5: ebaacc69a7c2106180051e155516fa03
      size: 19263
