schema: '2.0'
stages:
  balance:
    cmd: python src/balance.py
    deps:
    - path: data/test2.tsv
      hash: md5
      md5: 3a32026021e53663a7de5e948b28c2e4
      size: 871199
    - path: data/train2.tsv
      hash: md5
      md5: 88394b09366a2014ada94c87863c4fd0
      size: 6980142
    - path: data/val2.tsv
      hash: md5
      md5: e6e50c24f3d0054011cb5a206897e87f
      size: 865142
    - path: src/balance.py
      hash: md5
      md5: e7a444d7583e3b7767d7aa0cf70082e5
      size: 1078
    - path: src/balance_misc/__init__.py
      hash: md5
      md5: c41c26ba52987824e6b49b8b01b7725a
      size: 42
    - path: src/balance_misc/conf.py
      hash: md5
      md5: 043fbb04dbbd234d62ade54309e1339b
      size: 474
    - path: src/ds_loader.py
      hash: md5
      md5: e0d8df2be0f6d4bdac81ae75d88c7f87
      size: 658
    outs:
    - path: plots/balance/test2.png
      hash: md5
      md5: 5c8bd6aa7151fee81345f5429df57318
      size: 34718
    - path: plots/balance/train2.png
      hash: md5
      md5: 54a49b55fa6dda4c19e86efc42b91fce
      size: 34674
    - path: plots/balance/val2.png
      hash: md5
      md5: affb8c68bc05da90f7599ba773e2aaf5
      size: 34751
  balance_difference:
    cmd: python src/balance_difference.py
    deps:
    - path: data/test2.tsv
      hash: md5
      md5: 3a32026021e53663a7de5e948b28c2e4
      size: 871199
    - path: data/train2.tsv
      hash: md5
      md5: 88394b09366a2014ada94c87863c4fd0
      size: 6980142
    - path: data/val2.tsv
      hash: md5
      md5: e6e50c24f3d0054011cb5a206897e87f
      size: 865142
    - path: src/balance_difference.py
      hash: md5
      md5: c92eb815c429af334ecc679fc3205d92
      size: 1990
    - path: src/balance_misc/__init__.py
      hash: md5
      md5: c41c26ba52987824e6b49b8b01b7725a
      size: 42
    - path: src/balance_misc/conf.py
      hash: md5
      md5: 043fbb04dbbd234d62ade54309e1339b
      size: 474
    - path: src/ds_loader.py
      hash: md5
      md5: e0d8df2be0f6d4bdac81ae75d88c7f87
      size: 658
    outs:
    - path: plots/balance_diffs/test2-train2.png
      hash: md5
      md5: 38bc93f7660e0fb8db3d821213868d50
      size: 29958
    - path: plots/balance_diffs/test2-val2.png
      hash: md5
      md5: 59912b431adb908c288e28e26c220bdf
      size: 26101
    - path: plots/balance_diffs/val2-train2.png
      hash: md5
      md5: ee3c0212ca50df7bca7ae17fb6fff9c4
      size: 25810
  balance_boxplot:
    cmd: python src/balance_boxplot.py
    deps:
    - path: data/test2.tsv
      hash: md5
      md5: 3a32026021e53663a7de5e948b28c2e4
      size: 871199
    - path: data/train2.tsv
      hash: md5
      md5: 88394b09366a2014ada94c87863c4fd0
      size: 6980142
    - path: data/val2.tsv
      hash: md5
      md5: e6e50c24f3d0054011cb5a206897e87f
      size: 865142
    - path: src/balance_boxplot.py
      hash: md5
      md5: f4bf773b2a74fd173acd79b6dbaed2a1
      size: 1375
    - path: src/balance_misc/__init__.py
      hash: md5
      md5: c41c26ba52987824e6b49b8b01b7725a
      size: 42
    - path: src/balance_misc/conf.py
      hash: md5
      md5: 043fbb04dbbd234d62ade54309e1339b
      size: 474
    - path: src/ds_loader.py
      hash: md5
      md5: e0d8df2be0f6d4bdac81ae75d88c7f87
      size: 658
    outs:
    - path: plots/balance_median/boxplot.png
      hash: md5
      md5: 3f3a9e374b7aed3949b0383b8ffcf79c
      size: 28177
